// !$*UTF8*$!
{
	archiveVersion = 1;
	classes = {
	};
	objectVersion = 55;
	objects = {

/* Begin PBXBuildFile section */
		4913C0E1289905930039745B /* UIImageExtensions.swift in Sources */ = {isa = PBXBuildFile; fileRef = 4913C0E0289905930039745B /* UIImageExtensions.swift */; };
		4913C0E5289913950039745B /* StatsView.swift in Sources */ = {isa = PBXBuildFile; fileRef = 4913C0E4289913950039745B /* StatsView.swift */; };
		49231BA92894B99000C5EB5E /* NotInWordListView.swift in Sources */ = {isa = PBXBuildFile; fileRef = 49231BA82894B99000C5EB5E /* NotInWordListView.swift */; };
		49231BAC2895853C00C5EB5E /* SuccessView.swift in Sources */ = {isa = PBXBuildFile; fileRef = 49231BAB2895853C00C5EB5E /* SuccessView.swift */; };
		49250181289B5B4D0037122E /* Game.swift in Sources */ = {isa = PBXBuildFile; fileRef = 49250180289B5B4D0037122E /* Game.swift */; };
		49447DB028A0406D00BED45A /* RobotoSlab-Black.ttf in Resources */ = {isa = PBXBuildFile; fileRef = 49447DAF28A0405E00BED45A /* RobotoSlab-Black.ttf */; };
		4950D938289B8184004BA711 /* StarBarView.swift in Sources */ = {isa = PBXBuildFile; fileRef = 4950D937289B8184004BA711 /* StarBarView.swift */; };
		495EAD71288F4ED1004290AD /* ButtonTag.swift in Sources */ = {isa = PBXBuildFile; fileRef = 495EAD70288F4ED1004290AD /* ButtonTag.swift */; };
		495EAD73288F7461004290AD /* CurrentLetter.swift in Sources */ = {isa = PBXBuildFile; fileRef = 495EAD72288F7461004290AD /* CurrentLetter.swift */; };
		495EAD75288F74CE004290AD /* GameModel.swift in Sources */ = {isa = PBXBuildFile; fileRef = 495EAD74288F74CE004290AD /* GameModel.swift */; };
		495EAD7728903C06004290AD /* GridView.swift in Sources */ = {isa = PBXBuildFile; fileRef = 495EAD7628903C06004290AD /* GridView.swift */; };
		495EAD7B28903E19004290AD /* Frame.swift in Sources */ = {isa = PBXBuildFile; fileRef = 495EAD7A28903E19004290AD /* Frame.swift */; };
		4993489928906BD100BC6B0B /* words.json in Resources */ = {isa = PBXBuildFile; fileRef = 4993489828906BD100BC6B0B /* words.json */; };
		4993489B28906E3600BC6B0B /* Words.swift in Sources */ = {isa = PBXBuildFile; fileRef = 4993489A28906E3600BC6B0B /* Words.swift */; };
		4993489D2890736A00BC6B0B /* Guess.swift in Sources */ = {isa = PBXBuildFile; fileRef = 4993489C2890736A00BC6B0B /* Guess.swift */; };
		4993489F2890761D00BC6B0B /* StringProcotolExtensions.swift in Sources */ = {isa = PBXBuildFile; fileRef = 4993489E2890761D00BC6B0B /* StringProcotolExtensions.swift */; };
		4997443E28AC12D30062DA57 /* LogoView.swift in Sources */ = {isa = PBXBuildFile; fileRef = 4997443D28AC12D30062DA57 /* LogoView.swift */; };
		49A007C728A1B9060016945B /* UIViewExtensions.swift in Sources */ = {isa = PBXBuildFile; fileRef = 49A007C628A1B9060016945B /* UIViewExtensions.swift */; };
		49A07DC2288DB76A008270F9 /* Assets.xcassets in Resources */ = {isa = PBXBuildFile; fileRef = 49A07DC1288DB76A008270F9 /* Assets.xcassets */; };
		49A07DC8288DB76A008270F9 /* Werdle MessagesExtension.appex in Embed App Extensions */ = {isa = PBXBuildFile; fileRef = 49A07DC7288DB76A008270F9 /* Werdle MessagesExtension.appex */; settings = {ATTRIBUTES = (RemoveHeadersOnCopy, ); }; };
		49A07DCD288DB76A008270F9 /* Messages.framework in Frameworks */ = {isa = PBXBuildFile; fileRef = 49A07DCC288DB76A008270F9 /* Messages.framework */; };
		49A07DD0288DB76A008270F9 /* MessagesViewController.swift in Sources */ = {isa = PBXBuildFile; fileRef = 49A07DCF288DB76A008270F9 /* MessagesViewController.swift */; };
		49A07DD3288DB76A008270F9 /* MainInterface.storyboard in Resources */ = {isa = PBXBuildFile; fileRef = 49A07DD1288DB76A008270F9 /* MainInterface.storyboard */; };
		49A07DD5288DB76B008270F9 /* Assets.xcassets in Resources */ = {isa = PBXBuildFile; fileRef = 49A07DD4288DB76B008270F9 /* Assets.xcassets */; };
		49A07DE5288DC163008270F9 /* GridLetterView.swift in Sources */ = {isa = PBXBuildFile; fileRef = 49A07DE4288DC163008270F9 /* GridLetterView.swift */; };
		49A07DE7288DC29C008270F9 /* LetterState.swift in Sources */ = {isa = PBXBuildFile; fileRef = 49A07DE6288DC29C008270F9 /* LetterState.swift */; };
		49A07DE9288DC459008270F9 /* UIColorExtensions.swift in Sources */ = {isa = PBXBuildFile; fileRef = 49A07DE8288DC459008270F9 /* UIColorExtensions.swift */; };
		49A07DEB288F05C9008270F9 /* KeyboardView.swift in Sources */ = {isa = PBXBuildFile; fileRef = 49A07DEA288F05C9008270F9 /* KeyboardView.swift */; };
		49A07DF0288F0B4E008270F9 /* KeyboardLetterView.swift in Sources */ = {isa = PBXBuildFile; fileRef = 49A07DEF288F0B4E008270F9 /* KeyboardLetterView.swift */; };
		49A647B7289B9D12008A97A4 /* GameState.swift in Sources */ = {isa = PBXBuildFile; fileRef = 49A647B6289B9D12008A97A4 /* GameState.swift */; };
		49A647BB289BA858008A97A4 /* GamesCache.swift in Sources */ = {isa = PBXBuildFile; fileRef = 49A647BA289BA858008A97A4 /* GamesCache.swift */; };
		49C0616328A73D0A002D6EEA /* DebugView.swift in Sources */ = {isa = PBXBuildFile; fileRef = 49C0616228A73D0A002D6EEA /* DebugView.swift */; };
		49D9935F28A2AAE600D863BB /* PlayView.swift in Sources */ = {isa = PBXBuildFile; fileRef = 49D9935E28A2AAE600D863BB /* PlayView.swift */; };
		49D9936128A2BFB900D863BB /* AppSection.swift in Sources */ = {isa = PBXBuildFile; fileRef = 49D9936028A2BFB900D863BB /* AppSection.swift */; };
		49D9936328A41FF300D863BB /* AppState.swift in Sources */ = {isa = PBXBuildFile; fileRef = 49D9936228A41FF300D863BB /* AppState.swift */; };
/* End PBXBuildFile section */

/* Begin PBXContainerItemProxy section */
		49A07DC9288DB76A008270F9 /* PBXContainerItemProxy */ = {
			isa = PBXContainerItemProxy;
			containerPortal = 49A07DB8288DB769008270F9 /* Project object */;
			proxyType = 1;
			remoteGlobalIDString = 49A07DC6288DB76A008270F9;
			remoteInfo = "Nerdle MessagesExtension";
		};
/* End PBXContainerItemProxy section */

/* Begin PBXCopyFilesBuildPhase section */
		49A07DDC288DB76B008270F9 /* Embed App Extensions */ = {
			isa = PBXCopyFilesBuildPhase;
			buildActionMask = 2147483647;
			dstPath = "";
			dstSubfolderSpec = 13;
			files = (
				49A07DC8288DB76A008270F9 /* Werdle MessagesExtension.appex in Embed App Extensions */,
			);
			name = "Embed App Extensions";
			runOnlyForDeploymentPostprocessing = 0;
		};
/* End PBXCopyFilesBuildPhase section */

/* Begin PBXFileReference section */
		4913C0E0289905930039745B /* UIImageExtensions.swift */ = {isa = PBXFileReference; lastKnownFileType = sourcecode.swift; path = UIImageExtensions.swift; sourceTree = "<group>"; };
		4913C0E4289913950039745B /* StatsView.swift */ = {isa = PBXFileReference; lastKnownFileType = sourcecode.swift; path = StatsView.swift; sourceTree = "<group>"; };
		49231BA82894B99000C5EB5E /* NotInWordListView.swift */ = {isa = PBXFileReference; lastKnownFileType = sourcecode.swift; path = NotInWordListView.swift; sourceTree = "<group>"; };
		49231BAB2895853C00C5EB5E /* SuccessView.swift */ = {isa = PBXFileReference; lastKnownFileType = sourcecode.swift; path = SuccessView.swift; sourceTree = "<group>"; };
		49250180289B5B4D0037122E /* Game.swift */ = {isa = PBXFileReference; lastKnownFileType = sourcecode.swift; path = Game.swift; sourceTree = "<group>"; };
		49447DAF28A0405E00BED45A /* RobotoSlab-Black.ttf */ = {isa = PBXFileReference; lastKnownFileType = file; path = "RobotoSlab-Black.ttf"; sourceTree = "<group>"; };
		4950D937289B8184004BA711 /* StarBarView.swift */ = {isa = PBXFileReference; lastKnownFileType = sourcecode.swift; path = StarBarView.swift; sourceTree = "<group>"; };
		495EAD70288F4ED1004290AD /* ButtonTag.swift */ = {isa = PBXFileReference; lastKnownFileType = sourcecode.swift; path = ButtonTag.swift; sourceTree = "<group>"; };
		495EAD72288F7461004290AD /* CurrentLetter.swift */ = {isa = PBXFileReference; lastKnownFileType = sourcecode.swift; path = CurrentLetter.swift; sourceTree = "<group>"; };
		495EAD74288F74CE004290AD /* GameModel.swift */ = {isa = PBXFileReference; lastKnownFileType = sourcecode.swift; path = GameModel.swift; sourceTree = "<group>"; };
		495EAD7628903C06004290AD /* GridView.swift */ = {isa = PBXFileReference; lastKnownFileType = sourcecode.swift; path = GridView.swift; sourceTree = "<group>"; };
		495EAD7A28903E19004290AD /* Frame.swift */ = {isa = PBXFileReference; lastKnownFileType = sourcecode.swift; path = Frame.swift; sourceTree = "<group>"; };
		4993489828906BD100BC6B0B /* words.json */ = {isa = PBXFileReference; fileEncoding = 4; lastKnownFileType = text.json; path = words.json; sourceTree = "<group>"; };
		4993489A28906E3600BC6B0B /* Words.swift */ = {isa = PBXFileReference; lastKnownFileType = sourcecode.swift; path = Words.swift; sourceTree = "<group>"; };
		4993489C2890736A00BC6B0B /* Guess.swift */ = {isa = PBXFileReference; lastKnownFileType = sourcecode.swift; path = Guess.swift; sourceTree = "<group>"; };
		4993489E2890761D00BC6B0B /* StringProcotolExtensions.swift */ = {isa = PBXFileReference; lastKnownFileType = sourcecode.swift; path = StringProcotolExtensions.swift; sourceTree = "<group>"; };
		4997443D28AC12D30062DA57 /* LogoView.swift */ = {isa = PBXFileReference; lastKnownFileType = sourcecode.swift; path = LogoView.swift; sourceTree = "<group>"; };
		49A007C628A1B9060016945B /* UIViewExtensions.swift */ = {isa = PBXFileReference; lastKnownFileType = sourcecode.swift; path = UIViewExtensions.swift; sourceTree = "<group>"; };
		49A07DBE288DB769008270F9 /* Werdle.app */ = {isa = PBXFileReference; explicitFileType = wrapper.application; includeInIndex = 0; path = Werdle.app; sourceTree = BUILT_PRODUCTS_DIR; };
		49A07DC1288DB76A008270F9 /* Assets.xcassets */ = {isa = PBXFileReference; lastKnownFileType = folder.assetcatalog; path = Assets.xcassets; sourceTree = "<group>"; };
		49A07DC7288DB76A008270F9 /* Werdle MessagesExtension.appex */ = {isa = PBXFileReference; explicitFileType = "wrapper.app-extension"; includeInIndex = 0; path = "Werdle MessagesExtension.appex"; sourceTree = BUILT_PRODUCTS_DIR; };
		49A07DCC288DB76A008270F9 /* Messages.framework */ = {isa = PBXFileReference; lastKnownFileType = wrapper.framework; name = Messages.framework; path = System/Library/Frameworks/Messages.framework; sourceTree = SDKROOT; };
		49A07DCF288DB76A008270F9 /* MessagesViewController.swift */ = {isa = PBXFileReference; lastKnownFileType = sourcecode.swift; path = MessagesViewController.swift; sourceTree = "<group>"; };
		49A07DD2288DB76A008270F9 /* Base */ = {isa = PBXFileReference; lastKnownFileType = file.storyboard; name = Base; path = Base.lproj/MainInterface.storyboard; sourceTree = "<group>"; };
		49A07DD4288DB76B008270F9 /* Assets.xcassets */ = {isa = PBXFileReference; lastKnownFileType = folder.assetcatalog; path = Assets.xcassets; sourceTree = "<group>"; };
		49A07DD6288DB76B008270F9 /* Info.plist */ = {isa = PBXFileReference; lastKnownFileType = text.plist.xml; path = Info.plist; sourceTree = "<group>"; };
		49A07DE4288DC163008270F9 /* GridLetterView.swift */ = {isa = PBXFileReference; lastKnownFileType = sourcecode.swift; path = GridLetterView.swift; sourceTree = "<group>"; };
		49A07DE6288DC29C008270F9 /* LetterState.swift */ = {isa = PBXFileReference; lastKnownFileType = sourcecode.swift; path = LetterState.swift; sourceTree = "<group>"; };
		49A07DE8288DC459008270F9 /* UIColorExtensions.swift */ = {isa = PBXFileReference; lastKnownFileType = sourcecode.swift; path = UIColorExtensions.swift; sourceTree = "<group>"; };
		49A07DEA288F05C9008270F9 /* KeyboardView.swift */ = {isa = PBXFileReference; lastKnownFileType = sourcecode.swift; path = KeyboardView.swift; sourceTree = "<group>"; };
		49A07DEF288F0B4E008270F9 /* KeyboardLetterView.swift */ = {isa = PBXFileReference; lastKnownFileType = sourcecode.swift; path = KeyboardLetterView.swift; sourceTree = "<group>"; };
		49A647B6289B9D12008A97A4 /* GameState.swift */ = {isa = PBXFileReference; lastKnownFileType = sourcecode.swift; path = GameState.swift; sourceTree = "<group>"; };
		49A647BA289BA858008A97A4 /* GamesCache.swift */ = {isa = PBXFileReference; lastKnownFileType = sourcecode.swift; path = GamesCache.swift; sourceTree = "<group>"; };
		49C0616228A73D0A002D6EEA /* DebugView.swift */ = {isa = PBXFileReference; lastKnownFileType = sourcecode.swift; path = DebugView.swift; sourceTree = "<group>"; };
		49D9935E28A2AAE600D863BB /* PlayView.swift */ = {isa = PBXFileReference; lastKnownFileType = sourcecode.swift; path = PlayView.swift; sourceTree = "<group>"; };
		49D9936028A2BFB900D863BB /* AppSection.swift */ = {isa = PBXFileReference; lastKnownFileType = sourcecode.swift; path = AppSection.swift; sourceTree = "<group>"; };
		49D9936228A41FF300D863BB /* AppState.swift */ = {isa = PBXFileReference; lastKnownFileType = sourcecode.swift; path = AppState.swift; sourceTree = "<group>"; };
/* End PBXFileReference section */

/* Begin PBXFrameworksBuildPhase section */
		49A07DC4288DB76A008270F9 /* Frameworks */ = {
			isa = PBXFrameworksBuildPhase;
			buildActionMask = 2147483647;
			files = (
				49A07DCD288DB76A008270F9 /* Messages.framework in Frameworks */,
			);
			runOnlyForDeploymentPostprocessing = 0;
		};
/* End PBXFrameworksBuildPhase section */

/* Begin PBXGroup section */
		4913C0E6289916C00039745B /* Stats */ = {
			isa = PBXGroup;
			children = (
				4913C0E4289913950039745B /* StatsView.swift */,
				4950D937289B8184004BA711 /* StarBarView.swift */,
			);
			path = Stats;
			sourceTree = "<group>";
		};
		49231BAA2895852400C5EB5E /* Alerts */ = {
			isa = PBXGroup;
			children = (
				49231BAB2895853C00C5EB5E /* SuccessView.swift */,
				49231BA82894B99000C5EB5E /* NotInWordListView.swift */,
			);
			path = Alerts;
			sourceTree = "<group>";
		};
		495EAD7828903C3D004290AD /* Grid */ = {
			isa = PBXGroup;
			children = (
				495EAD7628903C06004290AD /* GridView.swift */,
				49A07DE4288DC163008270F9 /* GridLetterView.swift */,
			);
			path = Grid;
			sourceTree = "<group>";
		};
		495EAD7928903C43004290AD /* Keyboard */ = {
			isa = PBXGroup;
			children = (
				49A07DEA288F05C9008270F9 /* KeyboardView.swift */,
				49A07DEF288F0B4E008270F9 /* KeyboardLetterView.swift */,
			);
			path = Keyboard;
			sourceTree = "<group>";
		};
		4993489728906BA300BC6B0B /* Resources */ = {
			isa = PBXGroup;
			children = (
				4993489828906BD100BC6B0B /* words.json */,
				49447DAF28A0405E00BED45A /* RobotoSlab-Black.ttf */,
			);
			path = Resources;
			sourceTree = "<group>";
		};
		49A07DB7288DB769008270F9 = {
			isa = PBXGroup;
			children = (
				49A07DC0288DB769008270F9 /* Werdle */,
				49A07DCE288DB76A008270F9 /* Werdle MessagesExtension */,
				49A07DCB288DB76A008270F9 /* Frameworks */,
				49A07DBF288DB769008270F9 /* Products */,
			);
			sourceTree = "<group>";
		};
		49A07DBF288DB769008270F9 /* Products */ = {
			isa = PBXGroup;
			children = (
				49A07DBE288DB769008270F9 /* Werdle.app */,
				49A07DC7288DB76A008270F9 /* Werdle MessagesExtension.appex */,
			);
			name = Products;
			sourceTree = "<group>";
		};
		49A07DC0288DB769008270F9 /* Werdle */ = {
			isa = PBXGroup;
			children = (
				49A07DC1288DB76A008270F9 /* Assets.xcassets */,
			);
			path = Werdle;
			sourceTree = "<group>";
		};
		49A07DCB288DB76A008270F9 /* Frameworks */ = {
			isa = PBXGroup;
			children = (
				49A07DCC288DB76A008270F9 /* Messages.framework */,
			);
			name = Frameworks;
			sourceTree = "<group>";
		};
		49A07DCE288DB76A008270F9 /* Werdle MessagesExtension */ = {
			isa = PBXGroup;
			children = (
				49A07DD1288DB76A008270F9 /* MainInterface.storyboard */,
				49A07DCF288DB76A008270F9 /* MessagesViewController.swift */,
				49A07DEC288F05DF008270F9 /* Views */,
				49A07DED288F05F3008270F9 /* Model */,
				49A07DEE288F060E008270F9 /* Extensions */,
				4993489728906BA300BC6B0B /* Resources */,
				49A07DD4288DB76B008270F9 /* Assets.xcassets */,
				49A07DD6288DB76B008270F9 /* Info.plist */,
			);
			path = "Werdle MessagesExtension";
			sourceTree = "<group>";
		};
		49A07DEC288F05DF008270F9 /* Views */ = {
			isa = PBXGroup;
			children = (
				49D9935E28A2AAE600D863BB /* PlayView.swift */,
				495EAD7828903C3D004290AD /* Grid */,
				4913C0E6289916C00039745B /* Stats */,
				495EAD7928903C43004290AD /* Keyboard */,
				49231BAA2895852400C5EB5E /* Alerts */,
				49C0616228A73D0A002D6EEA /* DebugView.swift */,
				4997443D28AC12D30062DA57 /* LogoView.swift */,
			);
			path = Views;
			sourceTree = "<group>";
		};
		49A07DED288F05F3008270F9 /* Model */ = {
			isa = PBXGroup;
			children = (
				495EAD74288F74CE004290AD /* GameModel.swift */,
				495EAD7A28903E19004290AD /* Frame.swift */,
				49A07DE6288DC29C008270F9 /* LetterState.swift */,
				495EAD70288F4ED1004290AD /* ButtonTag.swift */,
				4993489C2890736A00BC6B0B /* Guess.swift */,
				495EAD72288F7461004290AD /* CurrentLetter.swift */,
				4993489A28906E3600BC6B0B /* Words.swift */,
				49250180289B5B4D0037122E /* Game.swift */,
				49A647B6289B9D12008A97A4 /* GameState.swift */,
				49D9936028A2BFB900D863BB /* AppSection.swift */,
				49D9936228A41FF300D863BB /* AppState.swift */,
			);
			path = Model;
			sourceTree = "<group>";
		};
		49A07DEE288F060E008270F9 /* Extensions */ = {
			isa = PBXGroup;
			children = (
				49A07DE8288DC459008270F9 /* UIColorExtensions.swift */,
				4993489E2890761D00BC6B0B /* StringProcotolExtensions.swift */,
				4913C0E0289905930039745B /* UIImageExtensions.swift */,
				49A647BA289BA858008A97A4 /* GamesCache.swift */,
				49A007C628A1B9060016945B /* UIViewExtensions.swift */,
			);
			path = Extensions;
			sourceTree = "<group>";
		};
/* End PBXGroup section */

/* Begin PBXNativeTarget section */
		49A07DBD288DB769008270F9 /* Werdle */ = {
			isa = PBXNativeTarget;
			buildConfigurationList = 49A07DDD288DB76B008270F9 /* Build configuration list for PBXNativeTarget "Werdle" */;
			buildPhases = (
				49A07DBC288DB769008270F9 /* Resources */,
				49A07DDC288DB76B008270F9 /* Embed App Extensions */,
			);
			buildRules = (
			);
			dependencies = (
				49A07DCA288DB76A008270F9 /* PBXTargetDependency */,
			);
			name = Werdle;
			productName = Nerdle;
			productReference = 49A07DBE288DB769008270F9 /* Werdle.app */;
			productType = "com.apple.product-type.application.messages";
		};
		49A07DC6288DB76A008270F9 /* Werdle MessagesExtension */ = {
			isa = PBXNativeTarget;
			buildConfigurationList = 49A07DD9288DB76B008270F9 /* Build configuration list for PBXNativeTarget "Werdle MessagesExtension" */;
			buildPhases = (
				49A07DC3288DB76A008270F9 /* Sources */,
				49A07DC4288DB76A008270F9 /* Frameworks */,
				49A07DC5288DB76A008270F9 /* Resources */,
			);
			buildRules = (
			);
			dependencies = (
			);
			name = "Werdle MessagesExtension";
			productName = "Nerdle MessagesExtension";
			productReference = 49A07DC7288DB76A008270F9 /* Werdle MessagesExtension.appex */;
			productType = "com.apple.product-type.app-extension.messages";
		};
/* End PBXNativeTarget section */

/* Begin PBXProject section */
		49A07DB8288DB769008270F9 /* Project object */ = {
			isa = PBXProject;
			attributes = {
				BuildIndependentTargetsInParallel = 1;
				LastSwiftUpdateCheck = 1330;
				LastUpgradeCheck = 1330;
				TargetAttributes = {
					49A07DBD288DB769008270F9 = {
						CreatedOnToolsVersion = 13.3.1;
					};
					49A07DC6288DB76A008270F9 = {
						CreatedOnToolsVersion = 13.3.1;
					};
				};
			};
			buildConfigurationList = 49A07DBB288DB769008270F9 /* Build configuration list for PBXProject "Werdle" */;
			compatibilityVersion = "Xcode 13.0";
			developmentRegion = en;
			hasScannedForEncodings = 0;
			knownRegions = (
				en,
				Base,
			);
			mainGroup = 49A07DB7288DB769008270F9;
			productRefGroup = 49A07DBF288DB769008270F9 /* Products */;
			projectDirPath = "";
			projectRoot = "";
			targets = (
				49A07DBD288DB769008270F9 /* Werdle */,
				49A07DC6288DB76A008270F9 /* Werdle MessagesExtension */,
			);
		};
/* End PBXProject section */

/* Begin PBXResourcesBuildPhase section */
		49A07DBC288DB769008270F9 /* Resources */ = {
			isa = PBXResourcesBuildPhase;
			buildActionMask = 2147483647;
			files = (
				49A07DC2288DB76A008270F9 /* Assets.xcassets in Resources */,
			);
			runOnlyForDeploymentPostprocessing = 0;
		};
		49A07DC5288DB76A008270F9 /* Resources */ = {
			isa = PBXResourcesBuildPhase;
			buildActionMask = 2147483647;
			files = (
				4993489928906BD100BC6B0B /* words.json in Resources */,
				49447DB028A0406D00BED45A /* RobotoSlab-Black.ttf in Resources */,
				49A07DD5288DB76B008270F9 /* Assets.xcassets in Resources */,
				49A07DD3288DB76A008270F9 /* MainInterface.storyboard in Resources */,
			);
			runOnlyForDeploymentPostprocessing = 0;
		};
/* End PBXResourcesBuildPhase section */

/* Begin PBXSourcesBuildPhase section */
		49A07DC3288DB76A008270F9 /* Sources */ = {
			isa = PBXSourcesBuildPhase;
			buildActionMask = 2147483647;
			files = (
				49A647B7289B9D12008A97A4 /* GameState.swift in Sources */,
				49231BAC2895853C00C5EB5E /* SuccessView.swift in Sources */,
				49A07DE5288DC163008270F9 /* GridLetterView.swift in Sources */,
				49D9936328A41FF300D863BB /* AppState.swift in Sources */,
				495EAD75288F74CE004290AD /* GameModel.swift in Sources */,
				49A007C728A1B9060016945B /* UIViewExtensions.swift in Sources */,
				495EAD73288F7461004290AD /* CurrentLetter.swift in Sources */,
				495EAD71288F4ED1004290AD /* ButtonTag.swift in Sources */,
				49A07DE7288DC29C008270F9 /* LetterState.swift in Sources */,
				4950D938289B8184004BA711 /* StarBarView.swift in Sources */,
				4993489D2890736A00BC6B0B /* Guess.swift in Sources */,
				4993489F2890761D00BC6B0B /* StringProcotolExtensions.swift in Sources */,
				4913C0E5289913950039745B /* StatsView.swift in Sources */,
				49A07DD0288DB76A008270F9 /* MessagesViewController.swift in Sources */,
				49A07DF0288F0B4E008270F9 /* KeyboardLetterView.swift in Sources */,
				49A07DEB288F05C9008270F9 /* KeyboardView.swift in Sources */,
				49A647BB289BA858008A97A4 /* GamesCache.swift in Sources */,
				495EAD7728903C06004290AD /* GridView.swift in Sources */,
				49D9936128A2BFB900D863BB /* AppSection.swift in Sources */,
				49231BA92894B99000C5EB5E /* NotInWordListView.swift in Sources */,
				49D9935F28A2AAE600D863BB /* PlayView.swift in Sources */,
				49C0616328A73D0A002D6EEA /* DebugView.swift in Sources */,
				49250181289B5B4D0037122E /* Game.swift in Sources */,
				4993489B28906E3600BC6B0B /* Words.swift in Sources */,
				49A07DE9288DC459008270F9 /* UIColorExtensions.swift in Sources */,
				4997443E28AC12D30062DA57 /* LogoView.swift in Sources */,
				495EAD7B28903E19004290AD /* Frame.swift in Sources */,
				4913C0E1289905930039745B /* UIImageExtensions.swift in Sources */,
			);
			runOnlyForDeploymentPostprocessing = 0;
		};
/* End PBXSourcesBuildPhase section */

/* Begin PBXTargetDependency section */
		49A07DCA288DB76A008270F9 /* PBXTargetDependency */ = {
			isa = PBXTargetDependency;
			target = 49A07DC6288DB76A008270F9 /* Werdle MessagesExtension */;
			targetProxy = 49A07DC9288DB76A008270F9 /* PBXContainerItemProxy */;
		};
/* End PBXTargetDependency section */

/* Begin PBXVariantGroup section */
		49A07DD1288DB76A008270F9 /* MainInterface.storyboard */ = {
			isa = PBXVariantGroup;
			children = (
				49A07DD2288DB76A008270F9 /* Base */,
			);
			name = MainInterface.storyboard;
			sourceTree = "<group>";
		};
/* End PBXVariantGroup section */

/* Begin XCBuildConfiguration section */
		49A07DD7288DB76B008270F9 /* Debug */ = {
			isa = XCBuildConfiguration;
			buildSettings = {
				ALWAYS_SEARCH_USER_PATHS = NO;
				CLANG_ANALYZER_NONNULL = YES;
				CLANG_ANALYZER_NUMBER_OBJECT_CONVERSION = YES_AGGRESSIVE;
				CLANG_CXX_LANGUAGE_STANDARD = "gnu++17";
				CLANG_ENABLE_MODULES = YES;
				CLANG_ENABLE_OBJC_ARC = YES;
				CLANG_ENABLE_OBJC_WEAK = YES;
				CLANG_WARN_BLOCK_CAPTURE_AUTORELEASING = YES;
				CLANG_WARN_BOOL_CONVERSION = YES;
				CLANG_WARN_COMMA = YES;
				CLANG_WARN_CONSTANT_CONVERSION = YES;
				CLANG_WARN_DEPRECATED_OBJC_IMPLEMENTATIONS = YES;
				CLANG_WARN_DIRECT_OBJC_ISA_USAGE = YES_ERROR;
				CLANG_WARN_DOCUMENTATION_COMMENTS = YES;
				CLANG_WARN_EMPTY_BODY = YES;
				CLANG_WARN_ENUM_CONVERSION = YES;
				CLANG_WARN_INFINITE_RECURSION = YES;
				CLANG_WARN_INT_CONVERSION = YES;
				CLANG_WARN_NON_LITERAL_NULL_CONVERSION = YES;
				CLANG_WARN_OBJC_IMPLICIT_RETAIN_SELF = YES;
				CLANG_WARN_OBJC_LITERAL_CONVERSION = YES;
				CLANG_WARN_OBJC_ROOT_CLASS = YES_ERROR;
				CLANG_WARN_QUOTED_INCLUDE_IN_FRAMEWORK_HEADER = YES;
				CLANG_WARN_RANGE_LOOP_ANALYSIS = YES;
				CLANG_WARN_STRICT_PROTOTYPES = YES;
				CLANG_WARN_SUSPICIOUS_MOVE = YES;
				CLANG_WARN_UNGUARDED_AVAILABILITY = YES_AGGRESSIVE;
				CLANG_WARN_UNREACHABLE_CODE = YES;
				CLANG_WARN__DUPLICATE_METHOD_MATCH = YES;
				COPY_PHASE_STRIP = NO;
				DEBUG_INFORMATION_FORMAT = dwarf;
				ENABLE_STRICT_OBJC_MSGSEND = YES;
				ENABLE_TESTABILITY = YES;
				GCC_C_LANGUAGE_STANDARD = gnu11;
				GCC_DYNAMIC_NO_PIC = NO;
				GCC_NO_COMMON_BLOCKS = YES;
				GCC_OPTIMIZATION_LEVEL = 0;
				GCC_PREPROCESSOR_DEFINITIONS = (
					"DEBUG=1",
					"$(inherited)",
				);
				GCC_WARN_64_TO_32_BIT_CONVERSION = YES;
				GCC_WARN_ABOUT_RETURN_TYPE = YES_ERROR;
				GCC_WARN_UNDECLARED_SELECTOR = YES;
				GCC_WARN_UNINITIALIZED_AUTOS = YES_AGGRESSIVE;
				GCC_WARN_UNUSED_FUNCTION = YES;
				GCC_WARN_UNUSED_VARIABLE = YES;
				IPHONEOS_DEPLOYMENT_TARGET = 15.4;
				MTL_ENABLE_DEBUG_INFO = INCLUDE_SOURCE;
				MTL_FAST_MATH = YES;
				ONLY_ACTIVE_ARCH = YES;
				SDKROOT = iphoneos;
				SWIFT_ACTIVE_COMPILATION_CONDITIONS = DEBUG;
				SWIFT_OPTIMIZATION_LEVEL = "-Onone";
			};
			name = Debug;
		};
		49A07DD8288DB76B008270F9 /* Release */ = {
			isa = XCBuildConfiguration;
			buildSettings = {
				ALWAYS_SEARCH_USER_PATHS = NO;
				CLANG_ANALYZER_NONNULL = YES;
				CLANG_ANALYZER_NUMBER_OBJECT_CONVERSION = YES_AGGRESSIVE;
				CLANG_CXX_LANGUAGE_STANDARD = "gnu++17";
				CLANG_ENABLE_MODULES = YES;
				CLANG_ENABLE_OBJC_ARC = YES;
				CLANG_ENABLE_OBJC_WEAK = YES;
				CLANG_WARN_BLOCK_CAPTURE_AUTORELEASING = YES;
				CLANG_WARN_BOOL_CONVERSION = YES;
				CLANG_WARN_COMMA = YES;
				CLANG_WARN_CONSTANT_CONVERSION = YES;
				CLANG_WARN_DEPRECATED_OBJC_IMPLEMENTATIONS = YES;
				CLANG_WARN_DIRECT_OBJC_ISA_USAGE = YES_ERROR;
				CLANG_WARN_DOCUMENTATION_COMMENTS = YES;
				CLANG_WARN_EMPTY_BODY = YES;
				CLANG_WARN_ENUM_CONVERSION = YES;
				CLANG_WARN_INFINITE_RECURSION = YES;
				CLANG_WARN_INT_CONVERSION = YES;
				CLANG_WARN_NON_LITERAL_NULL_CONVERSION = YES;
				CLANG_WARN_OBJC_IMPLICIT_RETAIN_SELF = YES;
				CLANG_WARN_OBJC_LITERAL_CONVERSION = YES;
				CLANG_WARN_OBJC_ROOT_CLASS = YES_ERROR;
				CLANG_WARN_QUOTED_INCLUDE_IN_FRAMEWORK_HEADER = YES;
				CLANG_WARN_RANGE_LOOP_ANALYSIS = YES;
				CLANG_WARN_STRICT_PROTOTYPES = YES;
				CLANG_WARN_SUSPICIOUS_MOVE = YES;
				CLANG_WARN_UNGUARDED_AVAILABILITY = YES_AGGRESSIVE;
				CLANG_WARN_UNREACHABLE_CODE = YES;
				CLANG_WARN__DUPLICATE_METHOD_MATCH = YES;
				COPY_PHASE_STRIP = NO;
				DEBUG_INFORMATION_FORMAT = "dwarf-with-dsym";
				ENABLE_NS_ASSERTIONS = NO;
				ENABLE_STRICT_OBJC_MSGSEND = YES;
				GCC_C_LANGUAGE_STANDARD = gnu11;
				GCC_NO_COMMON_BLOCKS = YES;
				GCC_WARN_64_TO_32_BIT_CONVERSION = YES;
				GCC_WARN_ABOUT_RETURN_TYPE = YES_ERROR;
				GCC_WARN_UNDECLARED_SELECTOR = YES;
				GCC_WARN_UNINITIALIZED_AUTOS = YES_AGGRESSIVE;
				GCC_WARN_UNUSED_FUNCTION = YES;
				GCC_WARN_UNUSED_VARIABLE = YES;
				IPHONEOS_DEPLOYMENT_TARGET = 15.4;
				MTL_ENABLE_DEBUG_INFO = NO;
				MTL_FAST_MATH = YES;
				SDKROOT = iphoneos;
				SWIFT_COMPILATION_MODE = wholemodule;
				SWIFT_OPTIMIZATION_LEVEL = "-O";
				VALIDATE_PRODUCT = YES;
			};
			name = Release;
		};
		49A07DDA288DB76B008270F9 /* Debug */ = {
			isa = XCBuildConfiguration;
			buildSettings = {
				ASSETCATALOG_COMPILER_APPICON_NAME = "iMessage App Icon";
				CODE_SIGN_STYLE = Automatic;
				CURRENT_PROJECT_VERSION = 3;
				DEVELOPMENT_TEAM = 43B5CQKAZ4;
				GENERATE_INFOPLIST_FILE = YES;
				INFOPLIST_FILE = "Werdle MessagesExtension/Info.plist";
				INFOPLIST_KEY_CFBundleDisplayName = Werdle;
				INFOPLIST_KEY_NSHumanReadableCopyright = "";
				LD_RUNPATH_SEARCH_PATHS = (
					"$(inherited)",
					"@executable_path/Frameworks",
					"@executable_path/../../Frameworks",
				);
				MARKETING_VERSION = 1.0;
				PRODUCT_BUNDLE_IDENTIFIER = com.andrewos.Werdle.MessagesExtension;
				PRODUCT_NAME = "$(TARGET_NAME)";
				SKIP_INSTALL = YES;
				SWIFT_EMIT_LOC_STRINGS = YES;
				SWIFT_VERSION = 5.0;
				TARGETED_DEVICE_FAMILY = 1;
			};
			name = Debug;
		};
		49A07DDB288DB76B008270F9 /* Release */ = {
			isa = XCBuildConfiguration;
			buildSettings = {
				ASSETCATALOG_COMPILER_APPICON_NAME = "iMessage App Icon";
				CODE_SIGN_STYLE = Automatic;
				CURRENT_PROJECT_VERSION = 3;
				DEVELOPMENT_TEAM = 43B5CQKAZ4;
				GENERATE_INFOPLIST_FILE = YES;
				INFOPLIST_FILE = "Werdle MessagesExtension/Info.plist";
				INFOPLIST_KEY_CFBundleDisplayName = Werdle;
				INFOPLIST_KEY_NSHumanReadableCopyright = "";
				LD_RUNPATH_SEARCH_PATHS = (
					"$(inherited)",
					"@executable_path/Frameworks",
					"@executable_path/../../Frameworks",
				);
				MARKETING_VERSION = 1.0;
				PRODUCT_BUNDLE_IDENTIFIER = com.andrewos.Werdle.MessagesExtension;
				PRODUCT_NAME = "$(TARGET_NAME)";
				SKIP_INSTALL = YES;
				SWIFT_EMIT_LOC_STRINGS = YES;
				SWIFT_VERSION = 5.0;
				TARGETED_DEVICE_FAMILY = 1;
			};
			name = Release;
		};
		49A07DDE288DB76B008270F9 /* Debug */ = {
			isa = XCBuildConfiguration;
			buildSettings = {
				ALWAYS_EMBED_SWIFT_STANDARD_LIBRARIES = YES;
				ASSETCATALOG_COMPILER_APPICON_NAME = AppIcon;
				CODE_SIGN_STYLE = Automatic;
				CURRENT_PROJECT_VERSION = 1;
				DEVELOPMENT_TEAM = 43B5CQKAZ4;
				GENERATE_INFOPLIST_FILE = YES;
				INFOPLIST_KEY_UILaunchStoryboardName = LaunchScreen;
				INFOPLIST_KEY_UISupportedInterfaceOrientations_iPhone = "UIInterfaceOrientationPortrait UIInterfaceOrientationLandscapeLeft UIInterfaceOrientationLandscapeRight";
				MARKETING_VERSION = 1.0;
				PRODUCT_BUNDLE_IDENTIFIER = com.andrewos.Werdle;
				PRODUCT_NAME = Werdle;
				SUPPORTED_PLATFORMS = "iphoneos iphonesimulator";
				SUPPORTS_MACCATALYST = NO;
				SUPPORTS_MAC_DESIGNED_FOR_IPHONE_IPAD = NO;
				SWIFT_EMIT_LOC_STRINGS = YES;
				SWIFT_VERSION = 5.0;
				TARGETED_DEVICE_FAMILY = 1;
			};
			name = Debug;
		};
		49A07DDF288DB76B008270F9 /* Release */ = {
			isa = XCBuildConfiguration;
			buildSettings = {
				ALWAYS_EMBED_SWIFT_STANDARD_LIBRARIES = YES;
				ASSETCATALOG_COMPILER_APPICON_NAME = AppIcon;
				CODE_SIGN_STYLE = Automatic;
				CURRENT_PROJECT_VERSION = 1;
				DEVELOPMENT_TEAM = 43B5CQKAZ4;
				GENERATE_INFOPLIST_FILE = YES;
				INFOPLIST_KEY_UILaunchStoryboardName = LaunchScreen;
				INFOPLIST_KEY_UISupportedInterfaceOrientations_iPhone = "UIInterfaceOrientationPortrait UIInterfaceOrientationLandscapeLeft UIInterfaceOrientationLandscapeRight";
				MARKETING_VERSION = 1.0;
				PRODUCT_BUNDLE_IDENTIFIER = com.andrewos.Werdle;
				PRODUCT_NAME = Werdle;
				SUPPORTED_PLATFORMS = "iphoneos iphonesimulator";
				SUPPORTS_MACCATALYST = NO;
				SUPPORTS_MAC_DESIGNED_FOR_IPHONE_IPAD = NO;
				SWIFT_EMIT_LOC_STRINGS = YES;
				SWIFT_VERSION = 5.0;
				TARGETED_DEVICE_FAMILY = 1;
			};
			name = Release;
		};
/* End XCBuildConfiguration section */

/* Begin XCConfigurationList section */
		49A07DBB288DB769008270F9 /* Build configuration list for PBXProject "Werdle" */ = {
			isa = XCConfigurationList;
			buildConfigurations = (
				49A07DD7288DB76B008270F9 /* Debug */,
				49A07DD8288DB76B008270F9 /* Release */,
			);
			defaultConfigurationIsVisible = 0;
			defaultConfigurationName = Release;
		};
		49A07DD9288DB76B008270F9 /* Build configuration list for PBXNativeTarget "Werdle MessagesExtension" */ = {
			isa = XCConfigurationList;
			buildConfigurations = (
				49A07DDA288DB76B008270F9 /* Debug */,
				49A07DDB288DB76B008270F9 /* Release */,
			);
			defaultConfigurationIsVisible = 0;
			defaultConfigurationName = Release;
		};
		49A07DDD288DB76B008270F9 /* Build configuration list for PBXNativeTarget "Werdle" */ = {
			isa = XCConfigurationList;
			buildConfigurations = (
				49A07DDE288DB76B008270F9 /* Debug */,
				49A07DDF288DB76B008270F9 /* Release */,
			);
			defaultConfigurationIsVisible = 0;
			defaultConfigurationName = Release;
		};
/* End XCConfigurationList section */
	};
	rootObject = 49A07DB8288DB769008270F9 /* Project object */;
}
